// !$*UTF8*$!
{
	archiveVersion = 1;
	classes = {
	};
	objectVersion = 46;
	objects = {

/* Begin PBXBuildFile section */
		71BD35131DAE62DB0035D0AE /* AppDelegate.swift in Sources */ = {isa = PBXBuildFile; fileRef = 71BD35121DAE62DB0035D0AE /* AppDelegate.swift */; };
		71BD35151DAE62DB0035D0AE /* ViewController.swift in Sources */ = {isa = PBXBuildFile; fileRef = 71BD35141DAE62DB0035D0AE /* ViewController.swift */; };
		71BD35181DAE62DB0035D0AE /* Main.storyboard in Resources */ = {isa = PBXBuildFile; fileRef = 71BD35161DAE62DB0035D0AE /* Main.storyboard */; };
		71BD351A1DAE62DB0035D0AE /* Assets.xcassets in Resources */ = {isa = PBXBuildFile; fileRef = 71BD35191DAE62DB0035D0AE /* Assets.xcassets */; };
		71BD351D1DAE62DB0035D0AE /* LaunchScreen.storyboard in Resources */ = {isa = PBXBuildFile; fileRef = 71BD351B1DAE62DB0035D0AE /* LaunchScreen.storyboard */; };
		71BD35281DAE63D60035D0AE /* Cobalt.bundle in Resources */ = {isa = PBXBuildFile; fileRef = 71BD35251DAE63D60035D0AE /* Cobalt.bundle */; };
		71BD35291DAE63D60035D0AE /* Cobalt.framework in Frameworks */ = {isa = PBXBuildFile; fileRef = 71BD35261DAE63D60035D0AE /* Cobalt.framework */; };
		71BD352A1DAE63D60035D0AE /* LICENSE in Resources */ = {isa = PBXBuildFile; fileRef = 71BD35271DAE63D60035D0AE /* LICENSE */; };
		71BD352E1DAE63F30035D0AE /* common in Resources */ = {isa = PBXBuildFile; fileRef = 71BD352C1DAE63F30035D0AE /* common */; };
		71BD352F1DAE63F30035D0AE /* platform in Resources */ = {isa = PBXBuildFile; fileRef = 71BD352D1DAE63F30035D0AE /* platform */; };
/* End PBXBuildFile section */

/* Begin PBXFileReference section */
		71BD350F1DAE62DB0035D0AE /* HelloWorld.app */ = {isa = PBXFileReference; explicitFileType = wrapper.application; includeInIndex = 0; path = HelloWorld.app; sourceTree = BUILT_PRODUCTS_DIR; };
		71BD35121DAE62DB0035D0AE /* AppDelegate.swift */ = {isa = PBXFileReference; lastKnownFileType = sourcecode.swift; path = AppDelegate.swift; sourceTree = "<group>"; };
		71BD35141DAE62DB0035D0AE /* ViewController.swift */ = {isa = PBXFileReference; lastKnownFileType = sourcecode.swift; path = ViewController.swift; sourceTree = "<group>"; };
		71BD35171DAE62DB0035D0AE /* Base */ = {isa = PBXFileReference; lastKnownFileType = file.storyboard; name = Base; path = Base.lproj/Main.storyboard; sourceTree = "<group>"; };
		71BD35191DAE62DB0035D0AE /* Assets.xcassets */ = {isa = PBXFileReference; lastKnownFileType = folder.assetcatalog; path = Assets.xcassets; sourceTree = "<group>"; };
		71BD351C1DAE62DB0035D0AE /* Base */ = {isa = PBXFileReference; lastKnownFileType = file.storyboard; name = Base; path = Base.lproj/LaunchScreen.storyboard; sourceTree = "<group>"; };
		71BD351E1DAE62DB0035D0AE /* Info.plist */ = {isa = PBXFileReference; lastKnownFileType = text.plist.xml; path = Info.plist; sourceTree = "<group>"; };
		71BD35251DAE63D60035D0AE /* Cobalt.bundle */ = {isa = PBXFileReference; lastKnownFileType = "wrapper.plug-in"; path = Cobalt.bundle; sourceTree = "<group>"; };
		71BD35261DAE63D60035D0AE /* Cobalt.framework */ = {isa = PBXFileReference; lastKnownFileType = wrapper.framework; path = Cobalt.framework; sourceTree = "<group>"; };
		71BD35271DAE63D60035D0AE /* LICENSE */ = {isa = PBXFileReference; fileEncoding = 4; lastKnownFileType = text; path = LICENSE; sourceTree = "<group>"; };
		71BD352C1DAE63F30035D0AE /* common */ = {isa = PBXFileReference; lastKnownFileType = folder; name = common; path = www/common; sourceTree = "<group>"; };
		71BD352D1DAE63F30035D0AE /* platform */ = {isa = PBXFileReference; lastKnownFileType = folder; name = platform; path = www/platform; sourceTree = "<group>"; };
/* End PBXFileReference section */

/* Begin PBXFrameworksBuildPhase section */
		71BD350C1DAE62DB0035D0AE /* Frameworks */ = {
			isa = PBXFrameworksBuildPhase;
			buildActionMask = 2147483647;
			files = (
				71BD35291DAE63D60035D0AE /* Cobalt.framework in Frameworks */,
			);
			runOnlyForDeploymentPostprocessing = 0;
		};
/* End PBXFrameworksBuildPhase section */

/* Begin PBXGroup section */
		71BD35061DAE62DB0035D0AE = {
			isa = PBXGroup;
			children = (
				71BD352B1DAE63E40035D0AE /* www */,
				71BD35111DAE62DB0035D0AE /* HelloWorld */,
				71BD35101DAE62DB0035D0AE /* Products */,
				71BD35241DAE63D60035D0AE /* Cobalt */,
			);
			sourceTree = "<group>";
		};
		71BD35101DAE62DB0035D0AE /* Products */ = {
			isa = PBXGroup;
			children = (
				71BD350F1DAE62DB0035D0AE /* HelloWorld.app */,
			);
			name = Products;
			sourceTree = "<group>";
		};
		71BD35111DAE62DB0035D0AE /* HelloWorld */ = {
			isa = PBXGroup;
			children = (
				71BD35121DAE62DB0035D0AE /* AppDelegate.swift */,
				71BD35141DAE62DB0035D0AE /* ViewController.swift */,
				71BD35161DAE62DB0035D0AE /* Main.storyboard */,
				71BD35191DAE62DB0035D0AE /* Assets.xcassets */,
				71BD351B1DAE62DB0035D0AE /* LaunchScreen.storyboard */,
				71BD351E1DAE62DB0035D0AE /* Info.plist */,
			);
			path = HelloWorld;
			sourceTree = "<group>";
		};
		71BD35241DAE63D60035D0AE /* Cobalt */ = {
			isa = PBXGroup;
			children = (
				71BD35251DAE63D60035D0AE /* Cobalt.bundle */,
				71BD35261DAE63D60035D0AE /* Cobalt.framework */,
				71BD35271DAE63D60035D0AE /* LICENSE */,
			);
			path = Cobalt;
			sourceTree = "<group>";
		};
		71BD352B1DAE63E40035D0AE /* www */ = {
			isa = PBXGroup;
			children = (
				71BD352C1DAE63F30035D0AE /* common */,
				71BD352D1DAE63F30035D0AE /* platform */,
			);
			name = www;
			sourceTree = "<group>";
		};
/* End PBXGroup section */

/* Begin PBXNativeTarget section */
		71BD350E1DAE62DB0035D0AE /* HelloWorld */ = {
			isa = PBXNativeTarget;
			buildConfigurationList = 71BD35211DAE62DB0035D0AE /* Build configuration list for PBXNativeTarget "HelloWorld" */;
			buildPhases = (
				71BD350B1DAE62DB0035D0AE /* Sources */,
				71BD350C1DAE62DB0035D0AE /* Frameworks */,
				71BD350D1DAE62DB0035D0AE /* Resources */,
			);
			buildRules = (
			);
			dependencies = (
			);
			name = HelloWorld;
			productName = HelloWorld;
			productReference = 71BD350F1DAE62DB0035D0AE /* HelloWorld.app */;
			productType = "com.apple.product-type.application";
		};
/* End PBXNativeTarget section */

/* Begin PBXProject section */
		71BD35071DAE62DB0035D0AE /* Project object */ = {
			isa = PBXProject;
			attributes = {
				LastSwiftUpdateCheck = 0800;
				LastUpgradeCheck = 0800;
				ORGANIZATIONNAME = Cobaltians;
				TargetAttributes = {
					71BD350E1DAE62DB0035D0AE = {
						CreatedOnToolsVersion = 8.0;
						DevelopmentTeam = 6ZSRHXKTC9;
						ProvisioningStyle = Automatic;
					};
				};
			};
			buildConfigurationList = 71BD350A1DAE62DB0035D0AE /* Build configuration list for PBXProject "HelloWorld" */;
			compatibilityVersion = "Xcode 3.2";
			developmentRegion = English;
			hasScannedForEncodings = 0;
			knownRegions = (
				en,
				Base,
			);
			mainGroup = 71BD35061DAE62DB0035D0AE;
			productRefGroup = 71BD35101DAE62DB0035D0AE /* Products */;
			projectDirPath = "";
			projectRoot = "";
			targets = (
				71BD350E1DAE62DB0035D0AE /* HelloWorld */,
			);
		};
/* End PBXProject section */

/* Begin PBXResourcesBuildPhase section */
		71BD350D1DAE62DB0035D0AE /* Resources */ = {
			isa = PBXResourcesBuildPhase;
			buildActionMask = 2147483647;
			files = (
				71BD351D1DAE62DB0035D0AE /* LaunchScreen.storyboard in Resources */,
				71BD352E1DAE63F30035D0AE /* common in Resources */,
				71BD351A1DAE62DB0035D0AE /* Assets.xcassets in Resources */,
				71BD35281DAE63D60035D0AE /* Cobalt.bundle in Resources */,
				71BD35181DAE62DB0035D0AE /* Main.storyboard in Resources */,
				71BD352A1DAE63D60035D0AE /* LICENSE in Resources */,
				71BD352F1DAE63F30035D0AE /* platform in Resources */,
			);
			runOnlyForDeploymentPostprocessing = 0;
		};
/* End PBXResourcesBuildPhase section */

/* Begin PBXSourcesBuildPhase section */
		71BD350B1DAE62DB0035D0AE /* Sources */ = {
			isa = PBXSourcesBuildPhase;
			buildActionMask = 2147483647;
			files = (
				71BD35151DAE62DB0035D0AE /* ViewController.swift in Sources */,
				71BD35131DAE62DB0035D0AE /* AppDelegate.swift in Sources */,
			);
			runOnlyForDeploymentPostprocessing = 0;
		};
/* End PBXSourcesBuildPhase section */

/* Begin PBXVariantGroup section */
		71BD35161DAE62DB0035D0AE /* Main.storyboard */ = {
			isa = PBXVariantGroup;
			children = (
				71BD35171DAE62DB0035D0AE /* Base */,
			);
			name = Main.storyboard;
			sourceTree = "<group>";
		};
		71BD351B1DAE62DB0035D0AE /* LaunchScreen.storyboard */ = {
			isa = PBXVariantGroup;
			children = (
				71BD351C1DAE62DB0035D0AE /* Base */,
			);
			name = LaunchScreen.storyboard;
			sourceTree = "<group>";
		};
/* End PBXVariantGroup section */

/* Begin XCBuildConfiguration section */
		71BD351F1DAE62DB0035D0AE /* Debug */ = {
			isa = XCBuildConfiguration;
			buildSettings = {
				ALWAYS_SEARCH_USER_PATHS = NO;
				CLANG_ANALYZER_NONNULL = YES;
				CLANG_CXX_LANGUAGE_STANDARD = "gnu++0x";
				CLANG_CXX_LIBRARY = "libc++";
				CLANG_ENABLE_MODULES = YES;
				CLANG_ENABLE_OBJC_ARC = YES;
				CLANG_WARN_BOOL_CONVERSION = YES;
				CLANG_WARN_CONSTANT_CONVERSION = YES;
				CLANG_WARN_DIRECT_OBJC_ISA_USAGE = YES_ERROR;
				CLANG_WARN_DOCUMENTATION_COMMENTS = YES;
				CLANG_WARN_EMPTY_BODY = YES;
				CLANG_WARN_ENUM_CONVERSION = YES;
				CLANG_WARN_INFINITE_RECURSION = YES;
				CLANG_WARN_INT_CONVERSION = YES;
				CLANG_WARN_OBJC_ROOT_CLASS = YES_ERROR;
				CLANG_WARN_SUSPICIOUS_MOVES = YES;
				CLANG_WARN_UNREACHABLE_CODE = YES;
				CLANG_WARN__DUPLICATE_METHOD_MATCH = YES;
				"CODE_SIGN_IDENTITY[sdk=iphoneos*]" = "iPhone Developer";
				COPY_PHASE_STRIP = NO;
				DEBUG_INFORMATION_FORMAT = dwarf;
				ENABLE_STRICT_OBJC_MSGSEND = YES;
				ENABLE_TESTABILITY = YES;
				GCC_C_LANGUAGE_STANDARD = gnu99;
				GCC_DYNAMIC_NO_PIC = NO;
				GCC_NO_COMMON_BLOCKS = YES;
				GCC_OPTIMIZATION_LEVEL = 0;
				GCC_PREPROCESSOR_DEFINITIONS = (
					"DEBUG=1",
					"$(inherited)",
				);
				GCC_WARN_64_TO_32_BIT_CONVERSION = YES;
				GCC_WARN_ABOUT_RETURN_TYPE = YES_ERROR;
				GCC_WARN_UNDECLARED_SELECTOR = YES;
				GCC_WARN_UNINITIALIZED_AUTOS = YES_AGGRESSIVE;
				GCC_WARN_UNUSED_FUNCTION = YES;
				GCC_WARN_UNUSED_VARIABLE = YES;
				IPHONEOS_DEPLOYMENT_TARGET = 10.0;
				MTL_ENABLE_DEBUG_INFO = YES;
				ONLY_ACTIVE_ARCH = YES;
				SDKROOT = iphoneos;
				SWIFT_ACTIVE_COMPILATION_CONDITIONS = DEBUG;
				SWIFT_OPTIMIZATION_LEVEL = "-Onone";
				TARGETED_DEVICE_FAMILY = "1,2";
			};
			name = Debug;
		};
		71BD35201DAE62DB0035D0AE /* Release */ = {
			isa = XCBuildConfiguration;
			buildSettings = {
				ALWAYS_SEARCH_USER_PATHS = NO;
				CLANG_ANALYZER_NONNULL = YES;
				CLANG_CXX_LANGUAGE_STANDARD = "gnu++0x";
				CLANG_CXX_LIBRARY = "libc++";
				CLANG_ENABLE_MODULES = YES;
				CLANG_ENABLE_OBJC_ARC = YES;
				CLANG_WARN_BOOL_CONVERSION = YES;
				CLANG_WARN_CONSTANT_CONVERSION = YES;
				CLANG_WARN_DIRECT_OBJC_ISA_USAGE = YES_ERROR;
				CLANG_WARN_DOCUMENTATION_COMMENTS = YES;
				CLANG_WARN_EMPTY_BODY = YES;
				CLANG_WARN_ENUM_CONVERSION = YES;
				CLANG_WARN_INFINITE_RECURSION = YES;
				CLANG_WARN_INT_CONVERSION = YES;
				CLANG_WARN_OBJC_ROOT_CLASS = YES_ERROR;
				CLANG_WARN_SUSPICIOUS_MOVES = YES;
				CLANG_WARN_UNREACHABLE_CODE = YES;
				CLANG_WARN__DUPLICATE_METHOD_MATCH = YES;
				"CODE_SIGN_IDENTITY[sdk=iphoneos*]" = "iPhone Developer";
				COPY_PHASE_STRIP = NO;
				DEBUG_INFORMATION_FORMAT = "dwarf-with-dsym";
				ENABLE_NS_ASSERTIONS = NO;
				ENABLE_STRICT_OBJC_MSGSEND = YES;
				GCC_C_LANGUAGE_STANDARD = gnu99;
				GCC_NO_COMMON_BLOCKS = YES;
				GCC_WARN_64_TO_32_BIT_CONVERSION = YES;
				GCC_WARN_ABOUT_RETURN_TYPE = YES_ERROR;
				GCC_WARN_UNDECLARED_SELECTOR = YES;
				GCC_WARN_UNINITIALIZED_AUTOS = YES_AGGRESSIVE;
				GCC_WARN_UNUSED_FUNCTION = YES;
				GCC_WARN_UNUSED_VARIABLE = YES;
				IPHONEOS_DEPLOYMENT_TARGET = 10.0;
				MTL_ENABLE_DEBUG_INFO = NO;
				SDKROOT = iphoneos;
				SWIFT_OPTIMIZATION_LEVEL = "-Owholemodule";
				TARGETED_DEVICE_FAMILY = "1,2";
				VALIDATE_PRODUCT = YES;
			};
			name = Release;
		};
		71BD35221DAE62DB0035D0AE /* Debug */ = {
			isa = XCBuildConfiguration;
			buildSettings = {
				ASSETCATALOG_COMPILER_APPICON_NAME = AppIcon;
				DEVELOPMENT_TEAM = 6ZSRHXKTC9;
				FRAMEWORK_SEARCH_PATHS = (
					"$(inherited)",
					"$(PROJECT_DIR)/Cobalt",
				);
				INFOPLIST_FILE = HelloWorld/Info.plist;
				LD_RUNPATH_SEARCH_PATHS = "$(inherited) @executable_path/Frameworks";
				PRODUCT_BUNDLE_IDENTIFIER = org.cobaltians.HelloWorld;
				PRODUCT_NAME = "$(TARGET_NAME)";
				SWIFT_OBJC_BRIDGING_HEADER = "Cobalt/Cobalt.framework/Headers/Cobalt-Bridging-Header.h";
				SWIFT_VERSION = 3.0;
			};
			name = Debug;
		};
		71BD35231DAE62DB0035D0AE /* Release */ = {
			isa = XCBuildConfiguration;
			buildSettings = {
				ASSETCATALOG_COMPILER_APPICON_NAME = AppIcon;
				DEVELOPMENT_TEAM = 6ZSRHXKTC9;
				FRAMEWORK_SEARCH_PATHS = (
					"$(inherited)",
					"$(PROJECT_DIR)/Cobalt",
				);
				INFOPLIST_FILE = HelloWorld/Info.plist;
				LD_RUNPATH_SEARCH_PATHS = "$(inherited) @executable_path/Frameworks";
				PRODUCT_BUNDLE_IDENTIFIER = org.cobaltians.HelloWorld;
				PRODUCT_NAME = "$(TARGET_NAME)";
				SWIFT_OBJC_BRIDGING_HEADER = "Cobalt/Cobalt.framework/Headers/Cobalt-Bridging-Header.h";
				SWIFT_VERSION = 3.0;
			};
			name = Release;
		};
/* End XCBuildConfiguration section */

/* Begin XCConfigurationList section */
		71BD350A1DAE62DB0035D0AE /* Build configuration list for PBXProject "HelloWorld" */ = {
			isa = XCConfigurationList;
			buildConfigurations = (
				71BD351F1DAE62DB0035D0AE /* Debug */,
				71BD35201DAE62DB0035D0AE /* Release */,
			);
			defaultConfigurationIsVisible = 0;
			defaultConfigurationName = Release;
		};
		71BD35211DAE62DB0035D0AE /* Build configuration list for PBXNativeTarget "HelloWorld" */ = {
			isa = XCConfigurationList;
			buildConfigurations = (
				71BD35221DAE62DB0035D0AE /* Debug */,
				71BD35231DAE62DB0035D0AE /* Release */,
			);
			defaultConfigurationIsVisible = 0;
			defaultConfigurationName = Release;
		};
/* End XCConfigurationList section */
	};
	rootObject = 71BD35071DAE62DB0035D0AE /* Project object */;
}
